PODS:
  - iCarousel (1.8.2)
  - UIScrollView-InfiniteScroll (0.7.3)
  - VGContent (0.1.0):
    - iCarousel
    - UIScrollView-InfiniteScroll (~> 0.7.2)

DEPENDENCIES:
  - VGContent (from `../`)

EXTERNAL SOURCES:
  VGContent:
    :path: ../

SPEC CHECKSUMS:
  iCarousel: 67c8a43da5a46795b56aadfc96cd36a16f6149b2
  UIScrollView-InfiniteScroll: b6c7d6d155dca7f9c5dd43813ecffeb301b3d50c
  VGContent: ffb143b456534d745bbdbe652ac33254686b7dba

COCOAPODS: 0.39.0
